version = 1
revision = 1
requires-python = ">=3.8"
resolution-markers = [
    "python_full_version >= '3.9'",
    "python_full_version < '3.9'",
]

[[package]]
name = "rumdl"
version = "0.2.77"
source = { registry = "https://pypi.org/simple" }
wheels = [
    { url = "https://files.pythonhosted.org/packages/c8/c0/15494f04e84fb67a76b5889c9fefe46b96e79aac9757a9f55d2af0c31bc2/rumdl-0.2.77-py3-none-macosx_10_12_x86_64.whl", hash = "sha256:46a86c67dbfc8d4ec7643c0696e69bd0672d4105584b55e436e43982f6e74ab5", size = 6911721 },
    { url = "https://files.pythonhosted.org/packages/9e/d2/23708cdeadd1b352e988a277d050478eba9504a96b55149e6531990004ea/rumdl-0.2.77-py3-none-macosx_11_0_arm64.whl", hash = "sha256:cef5890e4995e968bf87f1d6b3ec129092204987242fe68c55781c9c90829552", size = 6449218 },
    { url = "https://files.pythonhosted.org/packages/fa/89/fab16f413fdb5c15b48be6362798e41f448eba4d986274acff0ee496da05/rumdl-0.2.77-py3-none-manylinux_2_28_aarch64.whl", hash = "sha256:fa89db42f35981346400cfbb88a64a01444783e9c5671147e055e16224a9444e", size = 6703647 },
    { url = "https://files.pythonhosted.org/packages/d4/f7/77dcc844f2218645dcb2488bc1642440d4012a992b49c6136153ddccbc44/rumdl-0.2.77-py3-none-manylinux_2_28_x86_64.whl", hash = "sha256:ebd62903ee486c36a5ea4c6f19da33b2d5a77b47a93f2dce3c1c5682cc891a00", size = 7183055 },
    { url = "https://files.pythonhosted.org/packages/e8/ba/2bab2995cb71efcc74d99d669a53f1242b1fed6b87f5d18748057c1b5ab3/rumdl-0.2.77-py3-none-musllinux_1_2_aarch64.whl", hash = "sha256:89843a11f89a15a599ec3487469e368c0c9ade73117ceb9ba821d4e402c0a061", size = 6686480 },
    { url = "https://files.pythonhosted.org/packages/35/e6/e90062fc89693d0681ee496f92d84ef9e539b759a263dc677a143175ffed/rumdl-0.2.77-py3-none-musllinux_1_2_x86_64.whl", hash = "sha256:69c8165230339ad3f19b7b27ef1e9d5d55fe5495da724da593244f8facca3998", size = 7160415 },
    { url = "https://files.pythonhosted.org/packages/39/98/6bf56e1b68eb447cbafd6ab378af818eea8ef4f362246cf003b805de9f0f/rumdl-0.2.77-py3-none-win_amd64.whl", hash = "sha256:5d9d4292daa063238bb379262375b60d0ddffb49f99a9b75beb87993f13918d5", size = 7279786 },
]

[[package]]
name = "servicenow-cli"
source = { editable = "." }

[package.dev-dependencies]
dev = [
    { name = "rumdl", marker = "python_full_version >= '3.9'" },
]

[package.metadata]

[package.metadata.requires-dev]
dev = [{ name = "rumdl", marker = "python_full_version >= '3.9'", specifier = ">=0.2.77" }]
